
Microsoft Visual Studio Solution File, Format Version 12.00
# Visual Studio Version 16
VisualStudioVersion = 16.0.29215.179
MinimumVisualStudioVersion = 10.0.40219.1
Project("{9A19103F-16F7-4668-BE54-9A1E7A4F7556}") = "ParallelProcessPractice.Core", "ParallelProcessPractice.Core\ParallelProcessPractice.Core.csproj", "{654D33E3-7A4E-48C9-BFC8-1FF5F4C89711}"
EndProject
Project("{9A19103F-16F7-4668-BE54-9A1E7A4F7556}") = "AndrewDemo", "AndrewDemo\AndrewDemo.csproj", "{4961F643-B805-46FF-86D8-7711C4210FC9}"
EndProject
Project("{2150E333-8FDC-42A3-9474-1A3956D46DE8}") = "Solution Items", "Solution Items", "{B92A0400-1CE9-46A8-8859-81684058B8A6}"
	ProjectSection(SolutionItems) = preProject
		.gitattributes = .gitattributes
		.gitignore = .gitignore
		README.md = README.md
	EndProjectSection
EndProject
Project("{9A19103F-16F7-4668-BE54-9A1E7A4F7556}") = "LexDemo", "LexDemo\LexDemo.csproj", "{C6C2EEE2-5464-4CE3-B3A0-6990C50B54FA}"
EndProject
Project("{9A19103F-16F7-4668-BE54-9A1E7A4F7556}") = "Benchmark", "Benchmark\Benchmark.csproj", "{6AF97A89-0C74-4B5C-A900-BEB4A04CDB5D}"
EndProject
Project("{9A19103F-16F7-4668-BE54-9A1E7A4F7556}") = "JWDemo", "JWDemo\JWDemo.csproj", "{5DFBA852-6672-4F02-A6F6-CFFF7DB323F3}"
EndProject
Project("{9A19103F-16F7-4668-BE54-9A1E7A4F7556}") = "PhoenixDemo", "PhoenixDemo\PhoenixDemo.csproj", "{D2CC5307-8D2A-44E3-AEBD-F5B06139B93A}"
EndProject
Project("{9A19103F-16F7-4668-BE54-9A1E7A4F7556}") = "SeanDemo", "SeanDemo\SeanDemo.csproj", "{751F7FE0-2072-4B06-835F-2823FA930262}"
EndProject
Project("{9A19103F-16F7-4668-BE54-9A1E7A4F7556}") = "EPDemo", "EPDemo\EPDemo.csproj", "{195ABDA5-804D-44C6-830B-A20763F33B92}"
EndProject
Project("{9A19103F-16F7-4668-BE54-9A1E7A4F7556}") = "JulianDemo", "JulianDemo\JulianDemo.csproj", "{67E722A1-5BCF-49E6-AF32-4544CE3B4FD8}"
EndProject
Project("{2150E333-8FDC-42A3-9474-1A3956D46DE8}") = "Demo", "Demo", "{B21D6D24-8EC2-497F-AE16-E0155FEE28CE}"
	ProjectSection(SolutionItems) = preProject
		JolinDemo\JolinDemo.csproj = JolinDemo\JolinDemo.csproj
	EndProjectSection
EndProject
Project("{9A19103F-16F7-4668-BE54-9A1E7A4F7556}") = "GuluDemo", "GuluDemo\GuluDemo.csproj", "{5DB55933-B8D3-474F-BE83-D94C45FB5295}"
EndProject
Project("{9A19103F-16F7-4668-BE54-9A1E7A4F7556}") = "AndyDemo", "AndyDemo\AndyDemo.csproj", "{D356E14D-5EA6-48D5-90AF-264FA354860D}"
EndProject
Project("{9A19103F-16F7-4668-BE54-9A1E7A4F7556}") = "MazeDemo", "MazeDemo\MazeDemo.csproj", "{A7F1E9E4-9B23-43F5-83BB-0C06BD9E02DB}"
EndProject
Project("{9A19103F-16F7-4668-BE54-9A1E7A4F7556}") = "BorisDemo", "BorisDemo\BorisDemo.csproj", "{6A232FD5-0A8D-40BB-82B4-EF5483BA4B6A}"
EndProject
Project("{9A19103F-16F7-4668-BE54-9A1E7A4F7556}") = "LeviDemo", "LeviDemo\LeviDemo.csproj", "{1B34613F-9384-4365-A54E-D9719D6E902B}"
EndProject
Project("{FAE04EC0-301F-11D3-BF4B-00C04F79EFBC}") = "NathanDemo", "NathanDemo\NathanDemo.csproj", "{CD021A28-2C35-4FAA-BFDC-3E4543F009A0}"
EndProject
Project("{9A19103F-16F7-4668-BE54-9A1E7A4F7556}") = "JolinDemo", "JolinDemo\JolinDemo.csproj", "{C58EA4C0-FFEC-43D6-97ED-EF755AE14B64}"
EndProject
Project("{FAE04EC0-301F-11D3-BF4B-00C04F79EFBC}") = "GuanLinDemo", "GuanLinDemo\GuanLinDemo.csproj", "{40C57168-5387-452E-BE15-14A86B69D167}"
EndProject
Global
	GlobalSection(SolutionConfigurationPlatforms) = preSolution
		Debug|Any CPU = Debug|Any CPU
		Release|Any CPU = Release|Any CPU
	EndGlobalSection
	GlobalSection(ProjectConfigurationPlatforms) = postSolution
		{654D33E3-7A4E-48C9-BFC8-1FF5F4C89711}.Debug|Any CPU.ActiveCfg = Debug|Any CPU
		{654D33E3-7A4E-48C9-BFC8-1FF5F4C89711}.Debug|Any CPU.Build.0 = Debug|Any CPU
		{654D33E3-7A4E-48C9-BFC8-1FF5F4C89711}.Release|Any CPU.ActiveCfg = Release|Any CPU
		{654D33E3-7A4E-48C9-BFC8-1FF5F4C89711}.Release|Any CPU.Build.0 = Release|Any CPU
		{4961F643-B805-46FF-86D8-7711C4210FC9}.Debug|Any CPU.ActiveCfg = Debug|Any CPU
		{4961F643-B805-46FF-86D8-7711C4210FC9}.Debug|Any CPU.Build.0 = Debug|Any CPU
		{4961F643-B805-46FF-86D8-7711C4210FC9}.Release|Any CPU.ActiveCfg = Release|Any CPU
		{4961F643-B805-46FF-86D8-7711C4210FC9}.Release|Any CPU.Build.0 = Release|Any CPU
		{C6C2EEE2-5464-4CE3-B3A0-6990C50B54FA}.Debug|Any CPU.ActiveCfg = Debug|Any CPU
		{C6C2EEE2-5464-4CE3-B3A0-6990C50B54FA}.Debug|Any CPU.Build.0 = Debug|Any CPU
		{C6C2EEE2-5464-4CE3-B3A0-6990C50B54FA}.Release|Any CPU.ActiveCfg = Release|Any CPU
		{C6C2EEE2-5464-4CE3-B3A0-6990C50B54FA}.Release|Any CPU.Build.0 = Release|Any CPU
		{6AF97A89-0C74-4B5C-A900-BEB4A04CDB5D}.Debug|Any CPU.ActiveCfg = Debug|Any CPU
		{6AF97A89-0C74-4B5C-A900-BEB4A04CDB5D}.Debug|Any CPU.Build.0 = Debug|Any CPU
		{6AF97A89-0C74-4B5C-A900-BEB4A04CDB5D}.Release|Any CPU.ActiveCfg = Release|Any CPU
		{6AF97A89-0C74-4B5C-A900-BEB4A04CDB5D}.Release|Any CPU.Build.0 = Release|Any CPU
		{5DFBA852-6672-4F02-A6F6-CFFF7DB323F3}.Debug|Any CPU.ActiveCfg = Debug|Any CPU
		{5DFBA852-6672-4F02-A6F6-CFFF7DB323F3}.Debug|Any CPU.Build.0 = Debug|Any CPU
		{5DFBA852-6672-4F02-A6F6-CFFF7DB323F3}.Release|Any CPU.ActiveCfg = Release|Any CPU
		{5DFBA852-6672-4F02-A6F6-CFFF7DB323F3}.Release|Any CPU.Build.0 = Release|Any CPU
		{D2CC5307-8D2A-44E3-AEBD-F5B06139B93A}.Debug|Any CPU.ActiveCfg = Debug|Any CPU
		{D2CC5307-8D2A-44E3-AEBD-F5B06139B93A}.Debug|Any CPU.Build.0 = Debug|Any CPU
		{D2CC5307-8D2A-44E3-AEBD-F5B06139B93A}.Release|Any CPU.ActiveCfg = Release|Any CPU
		{D2CC5307-8D2A-44E3-AEBD-F5B06139B93A}.Release|Any CPU.Build.0 = Release|Any CPU
		{751F7FE0-2072-4B06-835F-2823FA930262}.Debug|Any CPU.ActiveCfg = Debug|Any CPU
		{751F7FE0-2072-4B06-835F-2823FA930262}.Debug|Any CPU.Build.0 = Debug|Any CPU
		{751F7FE0-2072-4B06-835F-2823FA930262}.Release|Any CPU.ActiveCfg = Release|Any CPU
		{751F7FE0-2072-4B06-835F-2823FA930262}.Release|Any CPU.Build.0 = Release|Any CPU
		{195ABDA5-804D-44C6-830B-A20763F33B92}.Debug|Any CPU.ActiveCfg = Debug|Any CPU
		{195ABDA5-804D-44C6-830B-A20763F33B92}.Debug|Any CPU.Build.0 = Debug|Any CPU
		{195ABDA5-804D-44C6-830B-A20763F33B92}.Release|Any CPU.ActiveCfg = Release|Any CPU
		{195ABDA5-804D-44C6-830B-A20763F33B92}.Release|Any CPU.Build.0 = Release|Any CPU
		{67E722A1-5BCF-49E6-AF32-4544CE3B4FD8}.Debug|Any CPU.ActiveCfg = Debug|Any CPU
		{67E722A1-5BCF-49E6-AF32-4544CE3B4FD8}.Debug|Any CPU.Build.0 = Debug|Any CPU
		{67E722A1-5BCF-49E6-AF32-4544CE3B4FD8}.Release|Any CPU.ActiveCfg = Release|Any CPU
		{67E722A1-5BCF-49E6-AF32-4544CE3B4FD8}.Release|Any CPU.Build.0 = Release|Any CPU
		{5DB55933-B8D3-474F-BE83-D94C45FB5295}.Debug|Any CPU.ActiveCfg = Debug|Any CPU
		{5DB55933-B8D3-474F-BE83-D94C45FB5295}.Debug|Any CPU.Build.0 = Debug|Any CPU
		{5DB55933-B8D3-474F-BE83-D94C45FB5295}.Release|Any CPU.ActiveCfg = Release|Any CPU
		{5DB55933-B8D3-474F-BE83-D94C45FB5295}.Release|Any CPU.Build.0 = Release|Any CPU
		{D356E14D-5EA6-48D5-90AF-264FA354860D}.Debug|Any CPU.ActiveCfg = Debug|Any CPU
		{D356E14D-5EA6-48D5-90AF-264FA354860D}.Debug|Any CPU.Build.0 = Debug|Any CPU
		{D356E14D-5EA6-48D5-90AF-264FA354860D}.Release|Any CPU.ActiveCfg = Release|Any CPU
		{D356E14D-5EA6-48D5-90AF-264FA354860D}.Release|Any CPU.Build.0 = Release|Any CPU
		{A7F1E9E4-9B23-43F5-83BB-0C06BD9E02DB}.Debug|Any CPU.ActiveCfg = Debug|Any CPU
		{A7F1E9E4-9B23-43F5-83BB-0C06BD9E02DB}.Debug|Any CPU.Build.0 = Debug|Any CPU
		{A7F1E9E4-9B23-43F5-83BB-0C06BD9E02DB}.Release|Any CPU.ActiveCfg = Release|Any CPU
		{A7F1E9E4-9B23-43F5-83BB-0C06BD9E02DB}.Release|Any CPU.Build.0 = Release|Any CPU
		{6A232FD5-0A8D-40BB-82B4-EF5483BA4B6A}.Debug|Any CPU.ActiveCfg = Debug|Any CPU
		{6A232FD5-0A8D-40BB-82B4-EF5483BA4B6A}.Debug|Any CPU.Build.0 = Debug|Any CPU
		{6A232FD5-0A8D-40BB-82B4-EF5483BA4B6A}.Release|Any CPU.ActiveCfg = Release|Any CPU
		{6A232FD5-0A8D-40BB-82B4-EF5483BA4B6A}.Release|Any CPU.Build.0 = Release|Any CPU
		{1B34613F-9384-4365-A54E-D9719D6E902B}.Debug|Any CPU.ActiveCfg = Debug|Any CPU
		{1B34613F-9384-4365-A54E-D9719D6E902B}.Debug|Any CPU.Build.0 = Debug|Any CPU
		{1B34613F-9384-4365-A54E-D9719D6E902B}.Release|Any CPU.ActiveCfg = Release|Any CPU
		{1B34613F-9384-4365-A54E-D9719D6E902B}.Release|Any CPU.Build.0 = Release|Any CPU
		{CD021A28-2C35-4FAA-BFDC-3E4543F009A0}.Debug|Any CPU.ActiveCfg = Debug|Any CPU
		{CD021A28-2C35-4FAA-BFDC-3E4543F009A0}.Debug|Any CPU.Build.0 = Debug|Any CPU
		{CD021A28-2C35-4FAA-BFDC-3E4543F009A0}.Release|Any CPU.ActiveCfg = Release|Any CPU
		{CD021A28-2C35-4FAA-BFDC-3E4543F009A0}.Release|Any CPU.Build.0 = Release|Any CPU
		{C58EA4C0-FFEC-43D6-97ED-EF755AE14B64}.Debug|Any CPU.ActiveCfg = Debug|Any CPU
		{C58EA4C0-FFEC-43D6-97ED-EF755AE14B64}.Debug|Any CPU.Build.0 = Debug|Any CPU
		{C58EA4C0-FFEC-43D6-97ED-EF755AE14B64}.Release|Any CPU.ActiveCfg = Release|Any CPU
		{C58EA4C0-FFEC-43D6-97ED-EF755AE14B64}.Release|Any CPU.Build.0 = Release|Any CPU
		{40C57168-5387-452E-BE15-14A86B69D167}.Debug|Any CPU.ActiveCfg = Debug|Any CPU
		{40C57168-5387-452E-BE15-14A86B69D167}.Debug|Any CPU.Build.0 = Debug|Any CPU
		{40C57168-5387-452E-BE15-14A86B69D167}.Release|Any CPU.ActiveCfg = Release|Any CPU
		{40C57168-5387-452E-BE15-14A86B69D167}.Release|Any CPU.Build.0 = Release|Any CPU
	EndGlobalSection
	GlobalSection(SolutionProperties) = preSolution
		HideSolutionNode = FALSE
	EndGlobalSection
	GlobalSection(NestedProjects) = preSolution
		{4961F643-B805-46FF-86D8-7711C4210FC9} = {B21D6D24-8EC2-497F-AE16-E0155FEE28CE}
		{C6C2EEE2-5464-4CE3-B3A0-6990C50B54FA} = {B21D6D24-8EC2-497F-AE16-E0155FEE28CE}
		{5DFBA852-6672-4F02-A6F6-CFFF7DB323F3} = {B21D6D24-8EC2-497F-AE16-E0155FEE28CE}
		{D2CC5307-8D2A-44E3-AEBD-F5B06139B93A} = {B21D6D24-8EC2-497F-AE16-E0155FEE28CE}
		{751F7FE0-2072-4B06-835F-2823FA930262} = {B21D6D24-8EC2-497F-AE16-E0155FEE28CE}
		{195ABDA5-804D-44C6-830B-A20763F33B92} = {B21D6D24-8EC2-497F-AE16-E0155FEE28CE}
		{67E722A1-5BCF-49E6-AF32-4544CE3B4FD8} = {B21D6D24-8EC2-497F-AE16-E0155FEE28CE}
		{5DB55933-B8D3-474F-BE83-D94C45FB5295} = {B21D6D24-8EC2-497F-AE16-E0155FEE28CE}
		{D356E14D-5EA6-48D5-90AF-264FA354860D} = {B21D6D24-8EC2-497F-AE16-E0155FEE28CE}
		{A7F1E9E4-9B23-43F5-83BB-0C06BD9E02DB} = {B21D6D24-8EC2-497F-AE16-E0155FEE28CE}
		{6A232FD5-0A8D-40BB-82B4-EF5483BA4B6A} = {B21D6D24-8EC2-497F-AE16-E0155FEE28CE}
		{1B34613F-9384-4365-A54E-D9719D6E902B} = {B21D6D24-8EC2-497F-AE16-E0155FEE28CE}
		{CD021A28-2C35-4FAA-BFDC-3E4543F009A0} = {B21D6D24-8EC2-497F-AE16-E0155FEE28CE}
		{C58EA4C0-FFEC-43D6-97ED-EF755AE14B64} = {B21D6D24-8EC2-497F-AE16-E0155FEE28CE}
		{40C57168-5387-452E-BE15-14A86B69D167} = {B21D6D24-8EC2-497F-AE16-E0155FEE28CE}
	EndGlobalSection
	GlobalSection(ExtensibilityGlobals) = postSolution
		SolutionGuid = {15051360-3A56-4052-A944-97C62F90EEC6}
	EndGlobalSection
EndGlobal
